{
  "name": "gyeongho-h265-decoder",
  "version": "0.0.0-development",
  "lockfileVersion": 3,
  "requires": true,
  "packages": {
    "": {
      "name": "gyeongho-h265-decoder",
      "version": "0.0.0-development",
      "license": "GPL-2.0-only",
      "bin": {
        "gyeongho-h265-decoder": "index.cjs"
      }
    }
  }
}
